{
  "name": "song_incense_db",
  "lockfileVersion": 3,
  "requires": true,
  "packages": {
    "": {
      "dependencies": {
        "animejs": "^4.4.1"
      }
    },
    "node_modules/animejs": {
      "version": "4.4.1",
      "resolved": "https://registry.npmjs.org/animejs/-/animejs-4.4.1.tgz",
      "integrity": "sha512-XimhJw4vPb6tAd6Zaoa6BaspJ8UteQMKvL7Pvrt6MW/6u2UvJs0TB/LLqR1sigaiYvpVPC3Tokr9emcCMhWFhw==",
      "license": "MIT",
      "funding": {
        "type": "github",
        "url": "https://github.com/sponsors/juliangarnier"
      }
    }
  }
}
